lockfileVersion: '6.0'

settings:
  autoInstallPeers: true
  excludeLinksFromLockfile: false

dependencies:
  vidstack:
    specifier: ^1.12.9
    version: 1.12.9

devDependencies:
  '@types/phoenix':
    specifier: ^1.6.4
    version: 1.6.4
  '@types/phoenix_live_view':
    specifier: ^0.18.4
    version: 0.18.4

packages:

  /@floating-ui/core@1.6.7:
    resolution: {integrity: sha512-yDzVT/Lm101nQ5TCVeK65LtdN7Tj4Qpr9RTXJ2vPFLqtLxwOrpoxAHAJI8J3yYWUc40J0BDBheaitK5SJmno2g==}
    dependencies:
      '@floating-ui/utils': 0.2.7
    dev: false

  /@floating-ui/dom@1.6.10:
    resolution: {integrity: sha512-fskgCFv8J8OamCmyun8MfjB1Olfn+uZKjOKZ0vhYF3gRmEUXcGOjxWL8bBr7i4kIuPZ2KD2S3EUIOxnjC8kl2A==}
    dependencies:
      '@floating-ui/core': 1.6.7
      '@floating-ui/utils': 0.2.7
    dev: false

  /@floating-ui/utils@0.2.7:
    resolution: {integrity: sha512-X8R8Oj771YRl/w+c1HqAC1szL8zWQRwFvgDwT129k9ACdBoud/+/rX9V0qiMl6LWUdP9voC2nDVZYPMQQsb6eA==}
    dev: false

  /@types/phoenix@1.6.4:
    resolution: {integrity: sha512-B34A7uot1Cv0XtaHRYDATltAdKx0BvVKNgYNqE4WjtPUa4VQJM7kxeXcVKaH+KS+kCmZ+6w+QaUdcljiheiBJA==}
    dev: true

  /@types/phoenix_live_view@0.18.4:
    resolution: {integrity: sha512-9mq6zRZfCtY8f4Kiu9ca0YodlNoL5kPfz6AO8AMIylftoT59re5+l5BxPISt/NJXyj1S/gRJmwpHgyVsyEk8cg==}
    dependencies:
      '@types/phoenix': 1.6.4
    dev: true

  /@types/trusted-types@2.0.7:
    resolution: {integrity: sha512-ScaPdn1dQczgbl0QFTeTOmVHFULt394XJgOQNoyVhZ6r2vLnMLJfBPd53SB52T/3G36VI1/g2MZaX0cwDuXsfw==}
    dev: false

  /acorn@8.12.1:
    resolution: {integrity: sha512-tcpGyI9zbizT9JbV6oYE477V6mTlXvvi0T0G3SNIYE2apm/G5huBa1+K89VGeovbg+jycCrfhl3ADxErOuO6Jg==}
    engines: {node: '>=0.4.0'}
    hasBin: true
    dev: false

  /lit-html@2.8.0:
    resolution: {integrity: sha512-o9t+MQM3P4y7M7yNzqAyjp7z+mQGa4NS4CxiyLqFPyFWyc4O+nodLrkrxSaCTrla6M5YOLaT3RpbbqjszB5g3Q==}
    dependencies:
      '@types/trusted-types': 2.0.7
    dev: false

  /media-captions@1.0.4:
    resolution: {integrity: sha512-cyDNmuZvvO4H27rcBq2Eudxo9IZRDCOX/I7VEyqbxsEiD2Ei7UYUhG/Sc5fvMZjmathgz3fEK7iAKqvpY+Ux1w==}
    engines: {node: '>=16'}
    dev: false

  /unplugin@1.13.1:
    resolution: {integrity: sha512-6Kq1iSSwg7KyjcThRUks9LuqDAKvtnioxbL9iEtB9ctTyBA5OmrB8gZd/d225VJu1w3UpUsKV7eGrvf59J7+VA==}
    engines: {node: '>=14.0.0'}
    peerDependencies:
      webpack-sources: ^3
    peerDependenciesMeta:
      webpack-sources:
        optional: true
    dependencies:
      acorn: 8.12.1
      webpack-virtual-modules: 0.6.2
    dev: false

  /vidstack@1.12.9:
    resolution: {integrity: sha512-6fTmPLbsjXa8AsmuT+XQRN4m8fyPiNAyKYLYQp0+DzXvvMniL8MWuho8ed7txr/F7AWk9wp5uXxkbyUKlWf65w==}
    engines: {node: '>=18'}
    dependencies:
      '@floating-ui/dom': 1.6.10
      lit-html: 2.8.0
      media-captions: 1.0.4
      unplugin: 1.13.1
    transitivePeerDependencies:
      - webpack-sources
    dev: false

  /webpack-virtual-modules@0.6.2:
    resolution: {integrity: sha512-66/V2i5hQanC51vBQKPH4aI8NMAcBW59FVBs+rC7eGHupMyfn34q7rZIE+ETlJ+XTevqfUhVVBgSUNSW2flEUQ==}
    dev: false
